// !$*UTF8*$!
{
	archiveVersion = 1;
	classes = {
	};
	objectVersion = 46;
	objects = {

/* Begin PBXBuildFile section */
		8B1419291F1F32B700DD3CE1 /* AppDelegate.swift in Sources */ = {isa = PBXBuildFile; fileRef = 8B1419281F1F32B700DD3CE1 /* AppDelegate.swift */; };
		8B14192B1F1F32B700DD3CE1 /* SearchViewController.swift in Sources */ = {isa = PBXBuildFile; fileRef = 8B14192A1F1F32B700DD3CE1 /* SearchViewController.swift */; };
		8B14192E1F1F32B700DD3CE1 /* Main.storyboard in Resources */ = {isa = PBXBuildFile; fileRef = 8B14192C1F1F32B700DD3CE1 /* Main.storyboard */; };
		8B1419301F1F32B700DD3CE1 /* Assets.xcassets in Resources */ = {isa = PBXBuildFile; fileRef = 8B14192F1F1F32B700DD3CE1 /* Assets.xcassets */; };
		8B1419331F1F32B700DD3CE1 /* LaunchScreen.storyboard in Resources */ = {isa = PBXBuildFile; fileRef = 8B1419311F1F32B700DD3CE1 /* LaunchScreen.storyboard */; };
		8BEFD2861F23D11800685C52 /* SearchResult.swift in Sources */ = {isa = PBXBuildFile; fileRef = 8BEFD2851F23D11800685C52 /* SearchResult.swift */; };
		8BEFD2881F248D0900685C52 /* SearchResultCell.xib in Resources */ = {isa = PBXBuildFile; fileRef = 8BEFD2871F248D0900685C52 /* SearchResultCell.xib */; };
		8BEFD28A1F24954C00685C52 /* SearchResultCell.swift in Sources */ = {isa = PBXBuildFile; fileRef = 8BEFD2891F24954C00685C52 /* SearchResultCell.swift */; };
		8BEFD28C1F24A11A00685C52 /* NothingFoundCell.xib in Resources */ = {isa = PBXBuildFile; fileRef = 8BEFD28B1F24A11A00685C52 /* NothingFoundCell.xib */; };
/* End PBXBuildFile section */

/* Begin PBXFileReference section */
		8B1419251F1F32B700DD3CE1 /* Vibe Snippet.app */ = {isa = PBXFileReference; explicitFileType = wrapper.application; includeInIndex = 0; path = "Vibe Snippet.app"; sourceTree = BUILT_PRODUCTS_DIR; };
		8B1419281F1F32B700DD3CE1 /* AppDelegate.swift */ = {isa = PBXFileReference; lastKnownFileType = sourcecode.swift; path = AppDelegate.swift; sourceTree = "<group>"; };
		8B14192A1F1F32B700DD3CE1 /* SearchViewController.swift */ = {isa = PBXFileReference; lastKnownFileType = sourcecode.swift; path = SearchViewController.swift; sourceTree = "<group>"; };
		8B14192D1F1F32B700DD3CE1 /* Base */ = {isa = PBXFileReference; lastKnownFileType = file.storyboard; name = Base; path = Base.lproj/Main.storyboard; sourceTree = "<group>"; };
		8B14192F1F1F32B700DD3CE1 /* Assets.xcassets */ = {isa = PBXFileReference; lastKnownFileType = folder.assetcatalog; path = Assets.xcassets; sourceTree = "<group>"; };
		8B1419321F1F32B700DD3CE1 /* Base */ = {isa = PBXFileReference; lastKnownFileType = file.storyboard; name = Base; path = Base.lproj/LaunchScreen.storyboard; sourceTree = "<group>"; };
		8B1419341F1F32B700DD3CE1 /* Info.plist */ = {isa = PBXFileReference; lastKnownFileType = text.plist.xml; path = Info.plist; sourceTree = "<group>"; };
		8BEFD2851F23D11800685C52 /* SearchResult.swift */ = {isa = PBXFileReference; fileEncoding = 4; lastKnownFileType = sourcecode.swift; path = SearchResult.swift; sourceTree = "<group>"; };
		8BEFD2871F248D0900685C52 /* SearchResultCell.xib */ = {isa = PBXFileReference; fileEncoding = 4; lastKnownFileType = file.xib; path = SearchResultCell.xib; sourceTree = "<group>"; };
		8BEFD2891F24954C00685C52 /* SearchResultCell.swift */ = {isa = PBXFileReference; fileEncoding = 4; lastKnownFileType = sourcecode.swift; path = SearchResultCell.swift; sourceTree = "<group>"; };
		8BEFD28B1F24A11A00685C52 /* NothingFoundCell.xib */ = {isa = PBXFileReference; fileEncoding = 4; lastKnownFileType = file.xib; path = NothingFoundCell.xib; sourceTree = "<group>"; };
/* End PBXFileReference section */

/* Begin PBXFrameworksBuildPhase section */
		8B1419221F1F32B700DD3CE1 /* Frameworks */ = {
			isa = PBXFrameworksBuildPhase;
			buildActionMask = 2147483647;
			files = (
			);
			runOnlyForDeploymentPostprocessing = 0;
		};
/* End PBXFrameworksBuildPhase section */

/* Begin PBXGroup section */
		8B14191C1F1F32B700DD3CE1 = {
			isa = PBXGroup;
			children = (
				8B1419271F1F32B700DD3CE1 /* Vibe Snippet */,
				8B1419261F1F32B700DD3CE1 /* Products */,
			);
			sourceTree = "<group>";
		};
		8B1419261F1F32B700DD3CE1 /* Products */ = {
			isa = PBXGroup;
			children = (
				8B1419251F1F32B700DD3CE1 /* Vibe Snippet.app */,
			);
			name = Products;
			sourceTree = "<group>";
		};
		8B1419271F1F32B700DD3CE1 /* Vibe Snippet */ = {
			isa = PBXGroup;
			children = (
				8B1419281F1F32B700DD3CE1 /* AppDelegate.swift */,
				8B14192A1F1F32B700DD3CE1 /* SearchViewController.swift */,
				8B14192C1F1F32B700DD3CE1 /* Main.storyboard */,
				8B14192F1F1F32B700DD3CE1 /* Assets.xcassets */,
				8B1419311F1F32B700DD3CE1 /* LaunchScreen.storyboard */,
				8B1419341F1F32B700DD3CE1 /* Info.plist */,
				8BEFD2851F23D11800685C52 /* SearchResult.swift */,
				8BEFD2871F248D0900685C52 /* SearchResultCell.xib */,
				8BEFD2891F24954C00685C52 /* SearchResultCell.swift */,
				8BEFD28B1F24A11A00685C52 /* NothingFoundCell.xib */,
			);
			path = "Vibe Snippet";
			sourceTree = "<group>";
		};
/* End PBXGroup section */

/* Begin PBXNativeTarget section */
		8B1419241F1F32B700DD3CE1 /* Vibe Snippet */ = {
			isa = PBXNativeTarget;
			buildConfigurationList = 8B1419371F1F32B700DD3CE1 /* Build configuration list for PBXNativeTarget "Vibe Snippet" */;
			buildPhases = (
				8B1419211F1F32B700DD3CE1 /* Sources */,
				8B1419221F1F32B700DD3CE1 /* Frameworks */,
				8B1419231F1F32B700DD3CE1 /* Resources */,
			);
			buildRules = (
			);
			dependencies = (
			);
			name = "Vibe Snippet";
			productName = "Vibe Snippet";
			productReference = 8B1419251F1F32B700DD3CE1 /* Vibe Snippet.app */;
			productType = "com.apple.product-type.application";
		};
/* End PBXNativeTarget section */

/* Begin PBXProject section */
		8B14191D1F1F32B700DD3CE1 /* Project object */ = {
			isa = PBXProject;
			attributes = {
				LastSwiftUpdateCheck = 0830;
				LastUpgradeCheck = 0830;
				ORGANIZATIONNAME = "Maniu Suroiu";
				TargetAttributes = {
					8B1419241F1F32B700DD3CE1 = {
						CreatedOnToolsVersion = 8.3.3;
						DevelopmentTeam = DNGA6ZNWTB;
						ProvisioningStyle = Automatic;
					};
				};
			};
			buildConfigurationList = 8B1419201F1F32B700DD3CE1 /* Build configuration list for PBXProject "Vibe Snippet" */;
			compatibilityVersion = "Xcode 3.2";
			developmentRegion = English;
			hasScannedForEncodings = 0;
			knownRegions = (
				en,
				Base,
			);
			mainGroup = 8B14191C1F1F32B700DD3CE1;
			productRefGroup = 8B1419261F1F32B700DD3CE1 /* Products */;
			projectDirPath = "";
			projectRoot = "";
			targets = (
				8B1419241F1F32B700DD3CE1 /* Vibe Snippet */,
			);
		};
/* End PBXProject section */

/* Begin PBXResourcesBuildPhase section */
		8B1419231F1F32B700DD3CE1 /* Resources */ = {
			isa = PBXResourcesBuildPhase;
			buildActionMask = 2147483647;
			files = (
				8B1419331F1F32B700DD3CE1 /* LaunchScreen.storyboard in Resources */,
				8B1419301F1F32B700DD3CE1 /* Assets.xcassets in Resources */,
				8BEFD2881F248D0900685C52 /* SearchResultCell.xib in Resources */,
				8BEFD28C1F24A11A00685C52 /* NothingFoundCell.xib in Resources */,
				8B14192E1F1F32B700DD3CE1 /* Main.storyboard in Resources */,
			);
			runOnlyForDeploymentPostprocessing = 0;
		};
/* End PBXResourcesBuildPhase section */

/* Begin PBXSourcesBuildPhase section */
		8B1419211F1F32B700DD3CE1 /* Sources */ = {
			isa = PBXSourcesBuildPhase;
			buildActionMask = 2147483647;
			files = (
				8B14192B1F1F32B700DD3CE1 /* SearchViewController.swift in Sources */,
				8BEFD2861F23D11800685C52 /* SearchResult.swift in Sources */,
				8BEFD28A1F24954C00685C52 /* SearchResultCell.swift in Sources */,
				8B1419291F1F32B700DD3CE1 /* AppDelegate.swift in Sources */,
			);
			runOnlyForDeploymentPostprocessing = 0;
		};
/* End PBXSourcesBuildPhase section */

/* Begin PBXVariantGroup section */
		8B14192C1F1F32B700DD3CE1 /* Main.storyboard */ = {
			isa = PBXVariantGroup;
			children = (
				8B14192D1F1F32B700DD3CE1 /* Base */,
			);
			name = Main.storyboard;
			sourceTree = "<group>";
		};
		8B1419311F1F32B700DD3CE1 /* LaunchScreen.storyboard */ = {
			isa = PBXVariantGroup;
			children = (
				8B1419321F1F32B700DD3CE1 /* Base */,
			);
			name = LaunchScreen.storyboard;
			sourceTree = "<group>";
		};
/* End PBXVariantGroup section */

/* Begin XCBuildConfiguration section */
		8B1419351F1F32B700DD3CE1 /* Debug */ = {
			isa = XCBuildConfiguration;
			buildSettings = {
				ALWAYS_SEARCH_USER_PATHS = NO;
				CLANG_ANALYZER_NONNULL = YES;
				CLANG_ANALYZER_NUMBER_OBJECT_CONVERSION = YES_AGGRESSIVE;
				CLANG_CXX_LANGUAGE_STANDARD = "gnu++0x";
				CLANG_CXX_LIBRARY = "libc++";
				CLANG_ENABLE_MODULES = YES;
				CLANG_ENABLE_OBJC_ARC = YES;
				CLANG_WARN_BOOL_CONVERSION = YES;
				CLANG_WARN_CONSTANT_CONVERSION = YES;
				CLANG_WARN_DIRECT_OBJC_ISA_USAGE = YES_ERROR;
				CLANG_WARN_DOCUMENTATION_COMMENTS = YES;
				CLANG_WARN_EMPTY_BODY = YES;
				CLANG_WARN_ENUM_CONVERSION = YES;
				CLANG_WARN_INFINITE_RECURSION = YES;
				CLANG_WARN_INT_CONVERSION = YES;
				CLANG_WARN_OBJC_ROOT_CLASS = YES_ERROR;
				CLANG_WARN_SUSPICIOUS_MOVE = YES;
				CLANG_WARN_UNREACHABLE_CODE = YES;
				CLANG_WARN__DUPLICATE_METHOD_MATCH = YES;
				"CODE_SIGN_IDENTITY[sdk=iphoneos*]" = "iPhone Developer";
				COPY_PHASE_STRIP = NO;
				DEBUG_INFORMATION_FORMAT = dwarf;
				ENABLE_STRICT_OBJC_MSGSEND = YES;
				ENABLE_TESTABILITY = YES;
				GCC_C_LANGUAGE_STANDARD = gnu99;
				GCC_DYNAMIC_NO_PIC = NO;
				GCC_NO_COMMON_BLOCKS = YES;
				GCC_OPTIMIZATION_LEVEL = 0;
				GCC_PREPROCESSOR_DEFINITIONS = (
					"DEBUG=1",
					"$(inherited)",
				);
				GCC_WARN_64_TO_32_BIT_CONVERSION = YES;
				GCC_WARN_ABOUT_RETURN_TYPE = YES_ERROR;
				GCC_WARN_UNDECLARED_SELECTOR = YES;
				GCC_WARN_UNINITIALIZED_AUTOS = YES_AGGRESSIVE;
				GCC_WARN_UNUSED_FUNCTION = YES;
				GCC_WARN_UNUSED_VARIABLE = YES;
				IPHONEOS_DEPLOYMENT_TARGET = 10.3;
				MTL_ENABLE_DEBUG_INFO = YES;
				ONLY_ACTIVE_ARCH = YES;
				SDKROOT = iphoneos;
				SWIFT_ACTIVE_COMPILATION_CONDITIONS = DEBUG;
				SWIFT_OPTIMIZATION_LEVEL = "-Onone";
			};
			name = Debug;
		};
		8B1419361F1F32B700DD3CE1 /* Release */ = {
			isa = XCBuildConfiguration;
			buildSettings = {
				ALWAYS_SEARCH_USER_PATHS = NO;
				CLANG_ANALYZER_NONNULL = YES;
				CLANG_ANALYZER_NUMBER_OBJECT_CONVERSION = YES_AGGRESSIVE;
				CLANG_CXX_LANGUAGE_STANDARD = "gnu++0x";
				CLANG_CXX_LIBRARY = "libc++";
				CLANG_ENABLE_MODULES = YES;
				CLANG_ENABLE_OBJC_ARC = YES;
				CLANG_WARN_BOOL_CONVERSION = YES;
				CLANG_WARN_CONSTANT_CONVERSION = YES;
				CLANG_WARN_DIRECT_OBJC_ISA_USAGE = YES_ERROR;
				CLANG_WARN_DOCUMENTATION_COMMENTS = YES;
				CLANG_WARN_EMPTY_BODY = YES;
				CLANG_WARN_ENUM_CONVERSION = YES;
				CLANG_WARN_INFINITE_RECURSION = YES;
				CLANG_WARN_INT_CONVERSION = YES;
				CLANG_WARN_OBJC_ROOT_CLASS = YES_ERROR;
				CLANG_WARN_SUSPICIOUS_MOVE = YES;
				CLANG_WARN_UNREACHABLE_CODE = YES;
				CLANG_WARN__DUPLICATE_METHOD_MATCH = YES;
				"CODE_SIGN_IDENTITY[sdk=iphoneos*]" = "iPhone Developer";
				COPY_PHASE_STRIP = NO;
				DEBUG_INFORMATION_FORMAT = "dwarf-with-dsym";
				ENABLE_NS_ASSERTIONS = NO;
				ENABLE_STRICT_OBJC_MSGSEND = YES;
				GCC_C_LANGUAGE_STANDARD = gnu99;
				GCC_NO_COMMON_BLOCKS = YES;
				GCC_WARN_64_TO_32_BIT_CONVERSION = YES;
				GCC_WARN_ABOUT_RETURN_TYPE = YES_ERROR;
				GCC_WARN_UNDECLARED_SELECTOR = YES;
				GCC_WARN_UNINITIALIZED_AUTOS = YES_AGGRESSIVE;
				GCC_WARN_UNUSED_FUNCTION = YES;
				GCC_WARN_UNUSED_VARIABLE = YES;
				IPHONEOS_DEPLOYMENT_TARGET = 10.3;
				MTL_ENABLE_DEBUG_INFO = NO;
				SDKROOT = iphoneos;
				SWIFT_OPTIMIZATION_LEVEL = "-Owholemodule";
				VALIDATE_PRODUCT = YES;
			};
			name = Release;
		};
		8B1419381F1F32B700DD3CE1 /* Debug */ = {
			isa = XCBuildConfiguration;
			buildSettings = {
				ASSETCATALOG_COMPILER_APPICON_NAME = AppIcon;
				DEVELOPMENT_TEAM = DNGA6ZNWTB;
				INFOPLIST_FILE = "Vibe Snippet/Info.plist";
				LD_RUNPATH_SEARCH_PATHS = "$(inherited) @executable_path/Frameworks";
				PRODUCT_BUNDLE_IDENTIFIER = "ManiuSuroiu.Vibe-Snippet";
				PRODUCT_NAME = "$(TARGET_NAME)";
				SWIFT_VERSION = 3.0;
			};
			name = Debug;
		};
		8B1419391F1F32B700DD3CE1 /* Release */ = {
			isa = XCBuildConfiguration;
			buildSettings = {
				ASSETCATALOG_COMPILER_APPICON_NAME = AppIcon;
				DEVELOPMENT_TEAM = DNGA6ZNWTB;
				INFOPLIST_FILE = "Vibe Snippet/Info.plist";
				LD_RUNPATH_SEARCH_PATHS = "$(inherited) @executable_path/Frameworks";
				PRODUCT_BUNDLE_IDENTIFIER = "ManiuSuroiu.Vibe-Snippet";
				PRODUCT_NAME = "$(TARGET_NAME)";
				SWIFT_VERSION = 3.0;
			};
			name = Release;
		};
/* End XCBuildConfiguration section */

/* Begin XCConfigurationList section */
		8B1419201F1F32B700DD3CE1 /* Build configuration list for PBXProject "Vibe Snippet" */ = {
			isa = XCConfigurationList;
			buildConfigurations = (
				8B1419351F1F32B700DD3CE1 /* Debug */,
				8B1419361F1F32B700DD3CE1 /* Release */,
			);
			defaultConfigurationIsVisible = 0;
			defaultConfigurationName = Release;
		};
		8B1419371F1F32B700DD3CE1 /* Build configuration list for PBXNativeTarget "Vibe Snippet" */ = {
			isa = XCConfigurationList;
			buildConfigurations = (
				8B1419381F1F32B700DD3CE1 /* Debug */,
				8B1419391F1F32B700DD3CE1 /* Release */,
			);
			defaultConfigurationIsVisible = 0;
			defaultConfigurationName = Release;
		};
/* End XCConfigurationList section */
	};
	rootObject = 8B14191D1F1F32B700DD3CE1 /* Project object */;
}
